
Microsoft Visual Studio Solution File, Format Version 12.00
# Visual Studio 15
VisualStudioVersion = 15.0.28010.2016
MinimumVisualStudioVersion = 10.0.40219.1
Project("{8BC9CEB8-8B4A-11D0-8D11-00A0C91BC942}") = "MultiThreadingProgram", "MultiThreadingProgram\MultiThreadingProgram.vcxproj", "{9CA4A003-974E-4033-9B24-A4FDA3F3652B}"
EndProject
Global
	GlobalSection(SolutionConfigurationPlatforms) = preSolution
		Debug|x64 = Debug|x64
		Debug|x86 = Debug|x86
		Release|x64 = Release|x64
		Release|x86 = Release|x86
	EndGlobalSection
	GlobalSection(ProjectConfigurationPlatforms) = postSolution
		{9CA4A003-974E-4033-9B24-A4FDA3F3652B}.Debug|x64.ActiveCfg = Debug|x64
		{9CA4A003-974E-4033-9B24-A4FDA3F3652B}.Debug|x64.Build.0 = Debug|x64
		{9CA4A003-974E-4033-9B24-A4FDA3F3652B}.Debug|x86.ActiveCfg = Debug|Win32
		{9CA4A003-974E-4033-9B24-A4FDA3F3652B}.Debug|x86.Build.0 = Debug|Win32
		{9CA4A003-974E-4033-9B24-A4FDA3F3652B}.Release|x64.ActiveCfg = Release|x64
		{9CA4A003-974E-4033-9B24-A4FDA3F3652B}.Release|x64.Build.0 = Release|x64
		{9CA4A003-974E-4033-9B24-A4FDA3F3652B}.Release|x86.ActiveCfg = Release|Win32
		{9CA4A003-974E-4033-9B24-A4FDA3F3652B}.Release|x86.Build.0 = Release|Win32
	EndGlobalSection
	GlobalSection(SolutionProperties) = preSolution
		HideSolutionNode = FALSE
	EndGlobalSection
	GlobalSection(ExtensibilityGlobals) = postSolution
		SolutionGuid = {74F3A3BD-DB1D-4645-A344-FF2F852AA50B}
	EndGlobalSection
EndGlobal
